// !$*UTF8*$!
{
	archiveVersion = 1;
	classes = {
	};
	objectVersion = 50;
	objects = {

/* Begin PBXBuildFile section */
		80AE8C72269E135E00257BD0 /* ImagePointyClickyApp.swift in Sources */ = {isa = PBXBuildFile; fileRef = 80AE8C71269E135E00257BD0 /* ImagePointyClickyApp.swift */; };
		80AE8C74269E135E00257BD0 /* ImagePointyClickyDocument.swift in Sources */ = {isa = PBXBuildFile; fileRef = 80AE8C73269E135E00257BD0 /* ImagePointyClickyDocument.swift */; };
		80AE8C76269E135E00257BD0 /* ContentView.swift in Sources */ = {isa = PBXBuildFile; fileRef = 80AE8C75269E135E00257BD0 /* ContentView.swift */; };
		80AE8C78269E135F00257BD0 /* Assets.xcassets in Resources */ = {isa = PBXBuildFile; fileRef = 80AE8C77269E135F00257BD0 /* Assets.xcassets */; };
		80AE8C7B269E135F00257BD0 /* Preview Assets.xcassets in Resources */ = {isa = PBXBuildFile; fileRef = 80AE8C7A269E135F00257BD0 /* Preview Assets.xcassets */; };
		80AE8C85269E203100257BD0 /* NSAlert.swift in Sources */ = {isa = PBXBuildFile; fileRef = 80AE8C84269E203100257BD0 /* NSAlert.swift */; };
		80F47CC6269E219A0032D913 /* PointyClickyView.swift in Sources */ = {isa = PBXBuildFile; fileRef = 80F47CC5269E219A0032D913 /* PointyClickyView.swift */; };
		80F47CC9269E24060032D913 /* HoverPosition.swift in Sources */ = {isa = PBXBuildFile; fileRef = 80F47CC8269E24060032D913 /* HoverPosition.swift */; };
		80F47CCB269E24170032D913 /* ClickPosition.swift in Sources */ = {isa = PBXBuildFile; fileRef = 80F47CCA269E24170032D913 /* ClickPosition.swift */; };
		80F47CCE269E27E50032D913 /* PointCollection.swift in Sources */ = {isa = PBXBuildFile; fileRef = 80F47CCD269E27E50032D913 /* PointCollection.swift */; };
		80F47CD0269E2B010032D913 /* String.swift in Sources */ = {isa = PBXBuildFile; fileRef = 80F47CCF269E2B010032D913 /* String.swift */; };
		80F47CD3269E2B3B0032D913 /* Optional.swift in Sources */ = {isa = PBXBuildFile; fileRef = 80F47CD2269E2B3B0032D913 /* Optional.swift */; };
		80FD541B269F9C6F00C1EF1B /* PointTextView.swift in Sources */ = {isa = PBXBuildFile; fileRef = 80FD541A269F9C6F00C1EF1B /* PointTextView.swift */; };
/* End PBXBuildFile section */

/* Begin PBXFileReference section */
		80AE8C6E269E135E00257BD0 /* ImagePointyClicky.app */ = {isa = PBXFileReference; explicitFileType = wrapper.application; includeInIndex = 0; path = ImagePointyClicky.app; sourceTree = BUILT_PRODUCTS_DIR; };
		80AE8C71269E135E00257BD0 /* ImagePointyClickyApp.swift */ = {isa = PBXFileReference; lastKnownFileType = sourcecode.swift; path = ImagePointyClickyApp.swift; sourceTree = "<group>"; };
		80AE8C73269E135E00257BD0 /* ImagePointyClickyDocument.swift */ = {isa = PBXFileReference; lastKnownFileType = sourcecode.swift; path = ImagePointyClickyDocument.swift; sourceTree = "<group>"; };
		80AE8C75269E135E00257BD0 /* ContentView.swift */ = {isa = PBXFileReference; lastKnownFileType = sourcecode.swift; path = ContentView.swift; sourceTree = "<group>"; };
		80AE8C77269E135F00257BD0 /* Assets.xcassets */ = {isa = PBXFileReference; lastKnownFileType = folder.assetcatalog; path = Assets.xcassets; sourceTree = "<group>"; };
		80AE8C7A269E135F00257BD0 /* Preview Assets.xcassets */ = {isa = PBXFileReference; lastKnownFileType = folder.assetcatalog; path = "Preview Assets.xcassets"; sourceTree = "<group>"; };
		80AE8C7C269E135F00257BD0 /* Info.plist */ = {isa = PBXFileReference; lastKnownFileType = text.plist.xml; path = Info.plist; sourceTree = "<group>"; };
		80AE8C7D269E135F00257BD0 /* ImagePointyClicky.entitlements */ = {isa = PBXFileReference; lastKnownFileType = text.plist.entitlements; path = ImagePointyClicky.entitlements; sourceTree = "<group>"; };
		80AE8C84269E203100257BD0 /* NSAlert.swift */ = {isa = PBXFileReference; lastKnownFileType = sourcecode.swift; path = NSAlert.swift; sourceTree = "<group>"; };
		80F47CC5269E219A0032D913 /* PointyClickyView.swift */ = {isa = PBXFileReference; lastKnownFileType = sourcecode.swift; path = PointyClickyView.swift; sourceTree = "<group>"; };
		80F47CC8269E24060032D913 /* HoverPosition.swift */ = {isa = PBXFileReference; lastKnownFileType = sourcecode.swift; path = HoverPosition.swift; sourceTree = "<group>"; };
		80F47CCA269E24170032D913 /* ClickPosition.swift */ = {isa = PBXFileReference; lastKnownFileType = sourcecode.swift; path = ClickPosition.swift; sourceTree = "<group>"; };
		80F47CCD269E27E50032D913 /* PointCollection.swift */ = {isa = PBXFileReference; lastKnownFileType = sourcecode.swift; path = PointCollection.swift; sourceTree = "<group>"; };
		80F47CCF269E2B010032D913 /* String.swift */ = {isa = PBXFileReference; lastKnownFileType = sourcecode.swift; path = String.swift; sourceTree = "<group>"; };
		80F47CD2269E2B3B0032D913 /* Optional.swift */ = {isa = PBXFileReference; lastKnownFileType = sourcecode.swift; path = Optional.swift; sourceTree = "<group>"; };
		80FD541A269F9C6F00C1EF1B /* PointTextView.swift */ = {isa = PBXFileReference; lastKnownFileType = sourcecode.swift; path = PointTextView.swift; sourceTree = "<group>"; };
/* End PBXFileReference section */

/* Begin PBXFrameworksBuildPhase section */
		80AE8C6B269E135E00257BD0 /* Frameworks */ = {
			isa = PBXFrameworksBuildPhase;
			buildActionMask = 2147483647;
			files = (
			);
			runOnlyForDeploymentPostprocessing = 0;
		};
/* End PBXFrameworksBuildPhase section */

/* Begin PBXGroup section */
		80AE8C65269E135D00257BD0 = {
			isa = PBXGroup;
			children = (
				80AE8C70269E135E00257BD0 /* ImagePointyClicky */,
				80AE8C6F269E135E00257BD0 /* Products */,
			);
			sourceTree = "<group>";
		};
		80AE8C6F269E135E00257BD0 /* Products */ = {
			isa = PBXGroup;
			children = (
				80AE8C6E269E135E00257BD0 /* ImagePointyClicky.app */,
			);
			name = Products;
			sourceTree = "<group>";
		};
		80AE8C70269E135E00257BD0 /* ImagePointyClicky */ = {
			isa = PBXGroup;
			children = (
				80AE8C71269E135E00257BD0 /* ImagePointyClickyApp.swift */,
				80AE8C73269E135E00257BD0 /* ImagePointyClickyDocument.swift */,
				80F47CCD269E27E50032D913 /* PointCollection.swift */,
				80AE8C75269E135E00257BD0 /* ContentView.swift */,
				80F47CC5269E219A0032D913 /* PointyClickyView.swift */,
				80FD541A269F9C6F00C1EF1B /* PointTextView.swift */,
				80F47CCC269E24BE0032D913 /* Util */,
				80AE8C86269E203800257BD0 /* Extensions */,
				80AE8C77269E135F00257BD0 /* Assets.xcassets */,
				80AE8C7C269E135F00257BD0 /* Info.plist */,
				80AE8C7D269E135F00257BD0 /* ImagePointyClicky.entitlements */,
				80AE8C79269E135F00257BD0 /* Preview Content */,
			);
			path = ImagePointyClicky;
			sourceTree = "<group>";
		};
		80AE8C79269E135F00257BD0 /* Preview Content */ = {
			isa = PBXGroup;
			children = (
				80AE8C7A269E135F00257BD0 /* Preview Assets.xcassets */,
			);
			path = "Preview Content";
			sourceTree = "<group>";
		};
		80AE8C86269E203800257BD0 /* Extensions */ = {
			isa = PBXGroup;
			children = (
				80F47CCF269E2B010032D913 /* String.swift */,
				80F47CD2269E2B3B0032D913 /* Optional.swift */,
				80AE8C84269E203100257BD0 /* NSAlert.swift */,
			);
			path = Extensions;
			sourceTree = "<group>";
		};
		80F47CCC269E24BE0032D913 /* Util */ = {
			isa = PBXGroup;
			children = (
				80F47CC8269E24060032D913 /* HoverPosition.swift */,
				80F47CCA269E24170032D913 /* ClickPosition.swift */,
			);
			path = Util;
			sourceTree = "<group>";
		};
/* End PBXGroup section */

/* Begin PBXNativeTarget section */
		80AE8C6D269E135E00257BD0 /* ImagePointyClicky */ = {
			isa = PBXNativeTarget;
			buildConfigurationList = 80AE8C80269E135F00257BD0 /* Build configuration list for PBXNativeTarget "ImagePointyClicky" */;
			buildPhases = (
				80AE8C6A269E135E00257BD0 /* Sources */,
				80AE8C6B269E135E00257BD0 /* Frameworks */,
				80AE8C6C269E135E00257BD0 /* Resources */,
			);
			buildRules = (
			);
			dependencies = (
			);
			name = ImagePointyClicky;
			productName = ImagePointyClicky;
			productReference = 80AE8C6E269E135E00257BD0 /* ImagePointyClicky.app */;
			productType = "com.apple.product-type.application";
		};
/* End PBXNativeTarget section */

/* Begin PBXProject section */
		80AE8C66269E135D00257BD0 /* Project object */ = {
			isa = PBXProject;
			attributes = {
				LastSwiftUpdateCheck = 1250;
				LastUpgradeCheck = 1250;
				TargetAttributes = {
					80AE8C6D269E135E00257BD0 = {
						CreatedOnToolsVersion = 12.5.1;
					};
				};
			};
			buildConfigurationList = 80AE8C69269E135D00257BD0 /* Build configuration list for PBXProject "ImagePointyClicky" */;
			compatibilityVersion = "Xcode 9.3";
			developmentRegion = en;
			hasScannedForEncodings = 0;
			knownRegions = (
				en,
				Base,
			);
			mainGroup = 80AE8C65269E135D00257BD0;
			productRefGroup = 80AE8C6F269E135E00257BD0 /* Products */;
			projectDirPath = "";
			projectRoot = "";
			targets = (
				80AE8C6D269E135E00257BD0 /* ImagePointyClicky */,
			);
		};
/* End PBXProject section */

/* Begin PBXResourcesBuildPhase section */
		80AE8C6C269E135E00257BD0 /* Resources */ = {
			isa = PBXResourcesBuildPhase;
			buildActionMask = 2147483647;
			files = (
				80AE8C7B269E135F00257BD0 /* Preview Assets.xcassets in Resources */,
				80AE8C78269E135F00257BD0 /* Assets.xcassets in Resources */,
			);
			runOnlyForDeploymentPostprocessing = 0;
		};
/* End PBXResourcesBuildPhase section */

/* Begin PBXSourcesBuildPhase section */
		80AE8C6A269E135E00257BD0 /* Sources */ = {
			isa = PBXSourcesBuildPhase;
			buildActionMask = 2147483647;
			files = (
				80AE8C74269E135E00257BD0 /* ImagePointyClickyDocument.swift in Sources */,
				80F47CD3269E2B3B0032D913 /* Optional.swift in Sources */,
				80F47CC9269E24060032D913 /* HoverPosition.swift in Sources */,
				80AE8C72269E135E00257BD0 /* ImagePointyClickyApp.swift in Sources */,
				80F47CD0269E2B010032D913 /* String.swift in Sources */,
				80F47CC6269E219A0032D913 /* PointyClickyView.swift in Sources */,
				80FD541B269F9C6F00C1EF1B /* PointTextView.swift in Sources */,
				80AE8C85269E203100257BD0 /* NSAlert.swift in Sources */,
				80F47CCB269E24170032D913 /* ClickPosition.swift in Sources */,
				80F47CCE269E27E50032D913 /* PointCollection.swift in Sources */,
				80AE8C76269E135E00257BD0 /* ContentView.swift in Sources */,
			);
			runOnlyForDeploymentPostprocessing = 0;
		};
/* End PBXSourcesBuildPhase section */

/* Begin XCBuildConfiguration section */
		80AE8C7E269E135F00257BD0 /* Debug */ = {
			isa = XCBuildConfiguration;
			buildSettings = {
				ALWAYS_SEARCH_USER_PATHS = NO;
				CLANG_ANALYZER_NONNULL = YES;
				CLANG_ANALYZER_NUMBER_OBJECT_CONVERSION = YES_AGGRESSIVE;
				CLANG_CXX_LANGUAGE_STANDARD = "gnu++14";
				CLANG_CXX_LIBRARY = "libc++";
				CLANG_ENABLE_MODULES = YES;
				CLANG_ENABLE_OBJC_ARC = YES;
				CLANG_ENABLE_OBJC_WEAK = YES;
				CLANG_WARN_BLOCK_CAPTURE_AUTORELEASING = YES;
				CLANG_WARN_BOOL_CONVERSION = YES;
				CLANG_WARN_COMMA = YES;
				CLANG_WARN_CONSTANT_CONVERSION = YES;
				CLANG_WARN_DEPRECATED_OBJC_IMPLEMENTATIONS = YES;
				CLANG_WARN_DIRECT_OBJC_ISA_USAGE = YES_ERROR;
				CLANG_WARN_DOCUMENTATION_COMMENTS = YES;
				CLANG_WARN_EMPTY_BODY = YES;
				CLANG_WARN_ENUM_CONVERSION = YES;
				CLANG_WARN_INFINITE_RECURSION = YES;
				CLANG_WARN_INT_CONVERSION = YES;
				CLANG_WARN_NON_LITERAL_NULL_CONVERSION = YES;
				CLANG_WARN_OBJC_IMPLICIT_RETAIN_SELF = YES;
				CLANG_WARN_OBJC_LITERAL_CONVERSION = YES;
				CLANG_WARN_OBJC_ROOT_CLASS = YES_ERROR;
				CLANG_WARN_QUOTED_INCLUDE_IN_FRAMEWORK_HEADER = YES;
				CLANG_WARN_RANGE_LOOP_ANALYSIS = YES;
				CLANG_WARN_STRICT_PROTOTYPES = YES;
				CLANG_WARN_SUSPICIOUS_MOVE = YES;
				CLANG_WARN_UNGUARDED_AVAILABILITY = YES_AGGRESSIVE;
				CLANG_WARN_UNREACHABLE_CODE = YES;
				CLANG_WARN__DUPLICATE_METHOD_MATCH = YES;
				COPY_PHASE_STRIP = NO;
				DEBUG_INFORMATION_FORMAT = dwarf;
				ENABLE_STRICT_OBJC_MSGSEND = YES;
				ENABLE_TESTABILITY = YES;
				GCC_C_LANGUAGE_STANDARD = gnu11;
				GCC_DYNAMIC_NO_PIC = NO;
				GCC_NO_COMMON_BLOCKS = YES;
				GCC_OPTIMIZATION_LEVEL = 0;
				GCC_PREPROCESSOR_DEFINITIONS = (
					"DEBUG=1",
					"$(inherited)",
				);
				GCC_WARN_64_TO_32_BIT_CONVERSION = YES;
				GCC_WARN_ABOUT_RETURN_TYPE = YES_ERROR;
				GCC_WARN_UNDECLARED_SELECTOR = YES;
				GCC_WARN_UNINITIALIZED_AUTOS = YES_AGGRESSIVE;
				GCC_WARN_UNUSED_FUNCTION = YES;
				GCC_WARN_UNUSED_VARIABLE = YES;
				MACOSX_DEPLOYMENT_TARGET = 11.3;
				MTL_ENABLE_DEBUG_INFO = INCLUDE_SOURCE;
				MTL_FAST_MATH = YES;
				ONLY_ACTIVE_ARCH = YES;
				SDKROOT = macosx;
				SWIFT_ACTIVE_COMPILATION_CONDITIONS = DEBUG;
				SWIFT_OPTIMIZATION_LEVEL = "-Onone";
			};
			name = Debug;
		};
		80AE8C7F269E135F00257BD0 /* Release */ = {
			isa = XCBuildConfiguration;
			buildSettings = {
				ALWAYS_SEARCH_USER_PATHS = NO;
				CLANG_ANALYZER_NONNULL = YES;
				CLANG_ANALYZER_NUMBER_OBJECT_CONVERSION = YES_AGGRESSIVE;
				CLANG_CXX_LANGUAGE_STANDARD = "gnu++14";
				CLANG_CXX_LIBRARY = "libc++";
				CLANG_ENABLE_MODULES = YES;
				CLANG_ENABLE_OBJC_ARC = YES;
				CLANG_ENABLE_OBJC_WEAK = YES;
				CLANG_WARN_BLOCK_CAPTURE_AUTORELEASING = YES;
				CLANG_WARN_BOOL_CONVERSION = YES;
				CLANG_WARN_COMMA = YES;
				CLANG_WARN_CONSTANT_CONVERSION = YES;
				CLANG_WARN_DEPRECATED_OBJC_IMPLEMENTATIONS = YES;
				CLANG_WARN_DIRECT_OBJC_ISA_USAGE = YES_ERROR;
				CLANG_WARN_DOCUMENTATION_COMMENTS = YES;
				CLANG_WARN_EMPTY_BODY = YES;
				CLANG_WARN_ENUM_CONVERSION = YES;
				CLANG_WARN_INFINITE_RECURSION = YES;
				CLANG_WARN_INT_CONVERSION = YES;
				CLANG_WARN_NON_LITERAL_NULL_CONVERSION = YES;
				CLANG_WARN_OBJC_IMPLICIT_RETAIN_SELF = YES;
				CLANG_WARN_OBJC_LITERAL_CONVERSION = YES;
				CLANG_WARN_OBJC_ROOT_CLASS = YES_ERROR;
				CLANG_WARN_QUOTED_INCLUDE_IN_FRAMEWORK_HEADER = YES;
				CLANG_WARN_RANGE_LOOP_ANALYSIS = YES;
				CLANG_WARN_STRICT_PROTOTYPES = YES;
				CLANG_WARN_SUSPICIOUS_MOVE = YES;
				CLANG_WARN_UNGUARDED_AVAILABILITY = YES_AGGRESSIVE;
				CLANG_WARN_UNREACHABLE_CODE = YES;
				CLANG_WARN__DUPLICATE_METHOD_MATCH = YES;
				COPY_PHASE_STRIP = NO;
				DEBUG_INFORMATION_FORMAT = "dwarf-with-dsym";
				ENABLE_NS_ASSERTIONS = NO;
				ENABLE_STRICT_OBJC_MSGSEND = YES;
				GCC_C_LANGUAGE_STANDARD = gnu11;
				GCC_NO_COMMON_BLOCKS = YES;
				GCC_WARN_64_TO_32_BIT_CONVERSION = YES;
				GCC_WARN_ABOUT_RETURN_TYPE = YES_ERROR;
				GCC_WARN_UNDECLARED_SELECTOR = YES;
				GCC_WARN_UNINITIALIZED_AUTOS = YES_AGGRESSIVE;
				GCC_WARN_UNUSED_FUNCTION = YES;
				GCC_WARN_UNUSED_VARIABLE = YES;
				MACOSX_DEPLOYMENT_TARGET = 11.3;
				MTL_ENABLE_DEBUG_INFO = NO;
				MTL_FAST_MATH = YES;
				SDKROOT = macosx;
				SWIFT_COMPILATION_MODE = wholemodule;
				SWIFT_OPTIMIZATION_LEVEL = "-O";
			};
			name = Release;
		};
		80AE8C81269E135F00257BD0 /* Debug */ = {
			isa = XCBuildConfiguration;
			buildSettings = {
				ASSETCATALOG_COMPILER_APPICON_NAME = AppIcon;
				ASSETCATALOG_COMPILER_GLOBAL_ACCENT_COLOR_NAME = AccentColor;
				CODE_SIGN_ENTITLEMENTS = ImagePointyClicky/ImagePointyClicky.entitlements;
				CODE_SIGN_STYLE = Automatic;
				COMBINE_HIDPI_IMAGES = YES;
				DEVELOPMENT_ASSET_PATHS = "\"ImagePointyClicky/Preview Content\"";
				DEVELOPMENT_TEAM = 8Y879P9TDW;
				ENABLE_HARDENED_RUNTIME = YES;
				ENABLE_PREVIEWS = YES;
				INFOPLIST_FILE = ImagePointyClicky/Info.plist;
				LD_RUNPATH_SEARCH_PATHS = (
					"$(inherited)",
					"@executable_path/../Frameworks",
				);
				MACOSX_DEPLOYMENT_TARGET = 11.0;
				PRODUCT_BUNDLE_IDENTIFIER = ivorius.ImagePointyClicky;
				PRODUCT_NAME = "$(TARGET_NAME)";
				SWIFT_VERSION = 5.0;
			};
			name = Debug;
		};
		80AE8C82269E135F00257BD0 /* Release */ = {
			isa = XCBuildConfiguration;
			buildSettings = {
				ASSETCATALOG_COMPILER_APPICON_NAME = AppIcon;
				ASSETCATALOG_COMPILER_GLOBAL_ACCENT_COLOR_NAME = AccentColor;
				CODE_SIGN_ENTITLEMENTS = ImagePointyClicky/ImagePointyClicky.entitlements;
				CODE_SIGN_STYLE = Automatic;
				COMBINE_HIDPI_IMAGES = YES;
				DEVELOPMENT_ASSET_PATHS = "\"ImagePointyClicky/Preview Content\"";
				DEVELOPMENT_TEAM = 8Y879P9TDW;
				ENABLE_HARDENED_RUNTIME = YES;
				ENABLE_PREVIEWS = YES;
				INFOPLIST_FILE = ImagePointyClicky/Info.plist;
				LD_RUNPATH_SEARCH_PATHS = (
					"$(inherited)",
					"@executable_path/../Frameworks",
				);
				MACOSX_DEPLOYMENT_TARGET = 11.0;
				PRODUCT_BUNDLE_IDENTIFIER = ivorius.ImagePointyClicky;
				PRODUCT_NAME = "$(TARGET_NAME)";
				SWIFT_VERSION = 5.0;
			};
			name = Release;
		};
/* End XCBuildConfiguration section */

/* Begin XCConfigurationList section */
		80AE8C69269E135D00257BD0 /* Build configuration list for PBXProject "ImagePointyClicky" */ = {
			isa = XCConfigurationList;
			buildConfigurations = (
				80AE8C7E269E135F00257BD0 /* Debug */,
				80AE8C7F269E135F00257BD0 /* Release */,
			);
			defaultConfigurationIsVisible = 0;
			defaultConfigurationName = Release;
		};
		80AE8C80269E135F00257BD0 /* Build configuration list for PBXNativeTarget "ImagePointyClicky" */ = {
			isa = XCConfigurationList;
			buildConfigurations = (
				80AE8C81269E135F00257BD0 /* Debug */,
				80AE8C82269E135F00257BD0 /* Release */,
			);
			defaultConfigurationIsVisible = 0;
			defaultConfigurationName = Release;
		};
/* End XCConfigurationList section */
	};
	rootObject = 80AE8C66269E135D00257BD0 /* Project object */;
}
